
Microsoft Visual Studio Solution File, Format Version 12.00
# Visual Studio Version 17
VisualStudioVersion = 17.5.002.0
MinimumVisualStudioVersion = 10.0.40219.1
Project("{9A19103F-16F7-4668-BE54-9A1E7A4F7556}") = "DesafioFundamentos", "DesafioFundamentos\DesafioFundamentos.csproj", "{0A0248D5-6CC2-4E68-BE24-53FBA56A70C2}"
EndProject
Global
	GlobalSection(SolutionConfigurationPlatforms) = preSolution
		Debug|Any CPU = Debug|Any CPU
		Release|Any CPU = Release|Any CPU
	EndGlobalSection
	GlobalSection(ProjectConfigurationPlatforms) = postSolution
		{0A0248D5-6CC2-4E68-BE24-53FBA56A70C2}.Debug|Any CPU.ActiveCfg = Debug|Any CPU
		{0A0248D5-6CC2-4E68-BE24-53FBA56A70C2}.Debug|Any CPU.Build.0 = Debug|Any CPU
		{0A0248D5-6CC2-4E68-BE24-53FBA56A70C2}.Release|Any CPU.ActiveCfg = Release|Any CPU
		{0A0248D5-6CC2-4E68-BE24-53FBA56A70C2}.Release|Any CPU.Build.0 = Release|Any CPU
	EndGlobalSection
	GlobalSection(SolutionProperties) = preSolution
		HideSolutionNode = FALSE
	EndGlobalSection
	GlobalSection(ExtensibilityGlobals) = postSolution
		SolutionGuid = {2403A186-4F0B-4A6B-9B10-8E557EDC484C}
	EndGlobalSection
EndGlobal
